// !$*UTF8*$!
{
	archiveVersion = 1;
	classes = {
	};
	objectVersion = 56;
	objects = {

/* Begin PBXBuildFile section */
		D68F20E52CAD657300A5E728 /* AppDelegate.swift in Sources */ = {isa = PBXBuildFile; fileRef = D68F20E42CAD657300A5E728 /* AppDelegate.swift */; };
		D68F20E72CAD657300A5E728 /* SceneDelegate.swift in Sources */ = {isa = PBXBuildFile; fileRef = D68F20E62CAD657300A5E728 /* SceneDelegate.swift */; };
		D68F20E92CAD657300A5E728 /* ViewController.swift in Sources */ = {isa = PBXBuildFile; fileRef = D68F20E82CAD657300A5E728 /* ViewController.swift */; };
		D68F20EC2CAD657300A5E728 /* Base in Resources */ = {isa = PBXBuildFile; fileRef = D68F20EB2CAD657300A5E728 /* Base */; };
		D68F20EE2CAD657400A5E728 /* Assets.xcassets in Resources */ = {isa = PBXBuildFile; fileRef = D68F20ED2CAD657400A5E728 /* Assets.xcassets */; };
		D68F20F12CAD657400A5E728 /* Base in Resources */ = {isa = PBXBuildFile; fileRef = D68F20F02CAD657400A5E728 /* Base */; };
		D68F20FC2CAD657400A5E728 /* memeMakerTests.swift in Sources */ = {isa = PBXBuildFile; fileRef = D68F20FB2CAD657400A5E728 /* memeMakerTests.swift */; };
		D68F21062CAD657400A5E728 /* memeMakerUITests.swift in Sources */ = {isa = PBXBuildFile; fileRef = D68F21052CAD657400A5E728 /* memeMakerUITests.swift */; };
		D68F21082CAD657400A5E728 /* memeMakerUITestsLaunchTests.swift in Sources */ = {isa = PBXBuildFile; fileRef = D68F21072CAD657400A5E728 /* memeMakerUITestsLaunchTests.swift */; };
/* End PBXBuildFile section */

/* Begin PBXContainerItemProxy section */
		D68F20F82CAD657400A5E728 /* PBXContainerItemProxy */ = {
			isa = PBXContainerItemProxy;
			containerPortal = D68F20D92CAD657300A5E728 /* Project object */;
			proxyType = 1;
			remoteGlobalIDString = D68F20E02CAD657300A5E728;
			remoteInfo = memeMaker;
		};
		D68F21022CAD657400A5E728 /* PBXContainerItemProxy */ = {
			isa = PBXContainerItemProxy;
			containerPortal = D68F20D92CAD657300A5E728 /* Project object */;
			proxyType = 1;
			remoteGlobalIDString = D68F20E02CAD657300A5E728;
			remoteInfo = memeMaker;
		};
/* End PBXContainerItemProxy section */

/* Begin PBXFileReference section */
		D68F20E12CAD657300A5E728 /* memeMaker.app */ = {isa = PBXFileReference; explicitFileType = wrapper.application; includeInIndex = 0; path = memeMaker.app; sourceTree = BUILT_PRODUCTS_DIR; };
		D68F20E42CAD657300A5E728 /* AppDelegate.swift */ = {isa = PBXFileReference; lastKnownFileType = sourcecode.swift; path = AppDelegate.swift; sourceTree = "<group>"; };
		D68F20E62CAD657300A5E728 /* SceneDelegate.swift */ = {isa = PBXFileReference; lastKnownFileType = sourcecode.swift; path = SceneDelegate.swift; sourceTree = "<group>"; };
		D68F20E82CAD657300A5E728 /* ViewController.swift */ = {isa = PBXFileReference; lastKnownFileType = sourcecode.swift; path = ViewController.swift; sourceTree = "<group>"; };
		D68F20EB2CAD657300A5E728 /* Base */ = {isa = PBXFileReference; lastKnownFileType = file.storyboard; name = Base; path = Base.lproj/Main.storyboard; sourceTree = "<group>"; };
		D68F20ED2CAD657400A5E728 /* Assets.xcassets */ = {isa = PBXFileReference; lastKnownFileType = folder.assetcatalog; path = Assets.xcassets; sourceTree = "<group>"; };
		D68F20F02CAD657400A5E728 /* Base */ = {isa = PBXFileReference; lastKnownFileType = file.storyboard; name = Base; path = Base.lproj/LaunchScreen.storyboard; sourceTree = "<group>"; };
		D68F20F22CAD657400A5E728 /* Info.plist */ = {isa = PBXFileReference; lastKnownFileType = text.plist.xml; path = Info.plist; sourceTree = "<group>"; };
		D68F20F72CAD657400A5E728 /* memeMakerTests.xctest */ = {isa = PBXFileReference; explicitFileType = wrapper.cfbundle; includeInIndex = 0; path = memeMakerTests.xctest; sourceTree = BUILT_PRODUCTS_DIR; };
		D68F20FB2CAD657400A5E728 /* memeMakerTests.swift */ = {isa = PBXFileReference; lastKnownFileType = sourcecode.swift; path = memeMakerTests.swift; sourceTree = "<group>"; };
		D68F21012CAD657400A5E728 /* memeMakerUITests.xctest */ = {isa = PBXFileReference; explicitFileType = wrapper.cfbundle; includeInIndex = 0; path = memeMakerUITests.xctest; sourceTree = BUILT_PRODUCTS_DIR; };
		D68F21052CAD657400A5E728 /* memeMakerUITests.swift */ = {isa = PBXFileReference; lastKnownFileType = sourcecode.swift; path = memeMakerUITests.swift; sourceTree = "<group>"; };
		D68F21072CAD657400A5E728 /* memeMakerUITestsLaunchTests.swift */ = {isa = PBXFileReference; lastKnownFileType = sourcecode.swift; path = memeMakerUITestsLaunchTests.swift; sourceTree = "<group>"; };
/* End PBXFileReference section */

/* Begin PBXFrameworksBuildPhase section */
		D68F20DE2CAD657300A5E728 /* Frameworks */ = {
			isa = PBXFrameworksBuildPhase;
			buildActionMask = 2147483647;
			files = (
			);
			runOnlyForDeploymentPostprocessing = 0;
		};
		D68F20F42CAD657400A5E728 /* Frameworks */ = {
			isa = PBXFrameworksBuildPhase;
			buildActionMask = 2147483647;
			files = (
			);
			runOnlyForDeploymentPostprocessing = 0;
		};
		D68F20FE2CAD657400A5E728 /* Frameworks */ = {
			isa = PBXFrameworksBuildPhase;
			buildActionMask = 2147483647;
			files = (
			);
			runOnlyForDeploymentPostprocessing = 0;
		};
/* End PBXFrameworksBuildPhase section */

/* Begin PBXGroup section */
		D68F20D82CAD657300A5E728 = {
			isa = PBXGroup;
			children = (
				D68F20E32CAD657300A5E728 /* memeMaker */,
				D68F20FA2CAD657400A5E728 /* memeMakerTests */,
				D68F21042CAD657400A5E728 /* memeMakerUITests */,
				D68F20E22CAD657300A5E728 /* Products */,
			);
			sourceTree = "<group>";
		};
		D68F20E22CAD657300A5E728 /* Products */ = {
			isa = PBXGroup;
			children = (
				D68F20E12CAD657300A5E728 /* memeMaker.app */,
				D68F20F72CAD657400A5E728 /* memeMakerTests.xctest */,
				D68F21012CAD657400A5E728 /* memeMakerUITests.xctest */,
			);
			name = Products;
			sourceTree = "<group>";
		};
		D68F20E32CAD657300A5E728 /* memeMaker */ = {
			isa = PBXGroup;
			children = (
				D68F20E42CAD657300A5E728 /* AppDelegate.swift */,
				D68F20E62CAD657300A5E728 /* SceneDelegate.swift */,
				D68F20E82CAD657300A5E728 /* ViewController.swift */,
				D68F20EA2CAD657300A5E728 /* Main.storyboard */,
				D68F20ED2CAD657400A5E728 /* Assets.xcassets */,
				D68F20EF2CAD657400A5E728 /* LaunchScreen.storyboard */,
				D68F20F22CAD657400A5E728 /* Info.plist */,
			);
			path = memeMaker;
			sourceTree = "<group>";
		};
		D68F20FA2CAD657400A5E728 /* memeMakerTests */ = {
			isa = PBXGroup;
			children = (
				D68F20FB2CAD657400A5E728 /* memeMakerTests.swift */,
			);
			path = memeMakerTests;
			sourceTree = "<group>";
		};
		D68F21042CAD657400A5E728 /* memeMakerUITests */ = {
			isa = PBXGroup;
			children = (
				D68F21052CAD657400A5E728 /* memeMakerUITests.swift */,
				D68F21072CAD657400A5E728 /* memeMakerUITestsLaunchTests.swift */,
			);
			path = memeMakerUITests;
			sourceTree = "<group>";
		};
/* End PBXGroup section */

/* Begin PBXNativeTarget section */
		D68F20E02CAD657300A5E728 /* memeMaker */ = {
			isa = PBXNativeTarget;
			buildConfigurationList = D68F210B2CAD657400A5E728 /* Build configuration list for PBXNativeTarget "memeMaker" */;
			buildPhases = (
				D68F20DD2CAD657300A5E728 /* Sources */,
				D68F20DE2CAD657300A5E728 /* Frameworks */,
				D68F20DF2CAD657300A5E728 /* Resources */,
			);
			buildRules = (
			);
			dependencies = (
			);
			name = memeMaker;
			productName = memeMaker;
			productReference = D68F20E12CAD657300A5E728 /* memeMaker.app */;
			productType = "com.apple.product-type.application";
		};
		D68F20F62CAD657400A5E728 /* memeMakerTests */ = {
			isa = PBXNativeTarget;
			buildConfigurationList = D68F210E2CAD657400A5E728 /* Build configuration list for PBXNativeTarget "memeMakerTests" */;
			buildPhases = (
				D68F20F32CAD657400A5E728 /* Sources */,
				D68F20F42CAD657400A5E728 /* Frameworks */,
				D68F20F52CAD657400A5E728 /* Resources */,
			);
			buildRules = (
			);
			dependencies = (
				D68F20F92CAD657400A5E728 /* PBXTargetDependency */,
			);
			name = memeMakerTests;
			productName = memeMakerTests;
			productReference = D68F20F72CAD657400A5E728 /* memeMakerTests.xctest */;
			productType = "com.apple.product-type.bundle.unit-test";
		};
		D68F21002CAD657400A5E728 /* memeMakerUITests */ = {
			isa = PBXNativeTarget;
			buildConfigurationList = D68F21112CAD657400A5E728 /* Build configuration list for PBXNativeTarget "memeMakerUITests" */;
			buildPhases = (
				D68F20FD2CAD657400A5E728 /* Sources */,
				D68F20FE2CAD657400A5E728 /* Frameworks */,
				D68F20FF2CAD657400A5E728 /* Resources */,
			);
			buildRules = (
			);
			dependencies = (
				D68F21032CAD657400A5E728 /* PBXTargetDependency */,
			);
			name = memeMakerUITests;
			productName = memeMakerUITests;
			productReference = D68F21012CAD657400A5E728 /* memeMakerUITests.xctest */;
			productType = "com.apple.product-type.bundle.ui-testing";
		};
/* End PBXNativeTarget section */

/* Begin PBXProject section */
		D68F20D92CAD657300A5E728 /* Project object */ = {
			isa = PBXProject;
			attributes = {
				BuildIndependentTargetsInParallel = 1;
				LastSwiftUpdateCheck = 1540;
				LastUpgradeCheck = 1540;
				TargetAttributes = {
					D68F20E02CAD657300A5E728 = {
						CreatedOnToolsVersion = 15.4;
					};
					D68F20F62CAD657400A5E728 = {
						CreatedOnToolsVersion = 15.4;
						TestTargetID = D68F20E02CAD657300A5E728;
					};
					D68F21002CAD657400A5E728 = {
						CreatedOnToolsVersion = 15.4;
						TestTargetID = D68F20E02CAD657300A5E728;
					};
				};
			};
			buildConfigurationList = D68F20DC2CAD657300A5E728 /* Build configuration list for PBXProject "memeMaker" */;
			compatibilityVersion = "Xcode 14.0";
			developmentRegion = en;
			hasScannedForEncodings = 0;
			knownRegions = (
				en,
				Base,
			);
			mainGroup = D68F20D82CAD657300A5E728;
			productRefGroup = D68F20E22CAD657300A5E728 /* Products */;
			projectDirPath = "";
			projectRoot = "";
			targets = (
				D68F20E02CAD657300A5E728 /* memeMaker */,
				D68F20F62CAD657400A5E728 /* memeMakerTests */,
				D68F21002CAD657400A5E728 /* memeMakerUITests */,
			);
		};
/* End PBXProject section */

/* Begin PBXResourcesBuildPhase section */
		D68F20DF2CAD657300A5E728 /* Resources */ = {
			isa = PBXResourcesBuildPhase;
			buildActionMask = 2147483647;
			files = (
				D68F20EE2CAD657400A5E728 /* Assets.xcassets in Resources */,
				D68F20F12CAD657400A5E728 /* Base in Resources */,
				D68F20EC2CAD657300A5E728 /* Base in Resources */,
			);
			runOnlyForDeploymentPostprocessing = 0;
		};
		D68F20F52CAD657400A5E728 /* Resources */ = {
			isa = PBXResourcesBuildPhase;
			buildActionMask = 2147483647;
			files = (
			);
			runOnlyForDeploymentPostprocessing = 0;
		};
		D68F20FF2CAD657400A5E728 /* Resources */ = {
			isa = PBXResourcesBuildPhase;
			buildActionMask = 2147483647;
			files = (
			);
			runOnlyForDeploymentPostprocessing = 0;
		};
/* End PBXResourcesBuildPhase section */

/* Begin PBXSourcesBuildPhase section */
		D68F20DD2CAD657300A5E728 /* Sources */ = {
			isa = PBXSourcesBuildPhase;
			buildActionMask = 2147483647;
			files = (
				D68F20E92CAD657300A5E728 /* ViewController.swift in Sources */,
				D68F20E52CAD657300A5E728 /* AppDelegate.swift in Sources */,
				D68F20E72CAD657300A5E728 /* SceneDelegate.swift in Sources */,
			);
			runOnlyForDeploymentPostprocessing = 0;
		};
		D68F20F32CAD657400A5E728 /* Sources */ = {
			isa = PBXSourcesBuildPhase;
			buildActionMask = 2147483647;
			files = (
				D68F20FC2CAD657400A5E728 /* memeMakerTests.swift in Sources */,
			);
			runOnlyForDeploymentPostprocessing = 0;
		};
		D68F20FD2CAD657400A5E728 /* Sources */ = {
			isa = PBXSourcesBuildPhase;
			buildActionMask = 2147483647;
			files = (
				D68F21062CAD657400A5E728 /* memeMakerUITests.swift in Sources */,
				D68F21082CAD657400A5E728 /* memeMakerUITestsLaunchTests.swift in Sources */,
			);
			runOnlyForDeploymentPostprocessing = 0;
		};
/* End PBXSourcesBuildPhase section */

/* Begin PBXTargetDependency section */
		D68F20F92CAD657400A5E728 /* PBXTargetDependency */ = {
			isa = PBXTargetDependency;
			target = D68F20E02CAD657300A5E728 /* memeMaker */;
			targetProxy = D68F20F82CAD657400A5E728 /* PBXContainerItemProxy */;
		};
		D68F21032CAD657400A5E728 /* PBXTargetDependency */ = {
			isa = PBXTargetDependency;
			target = D68F20E02CAD657300A5E728 /* memeMaker */;
			targetProxy = D68F21022CAD657400A5E728 /* PBXContainerItemProxy */;
		};
/* End PBXTargetDependency section */

/* Begin PBXVariantGroup section */
		D68F20EA2CAD657300A5E728 /* Main.storyboard */ = {
			isa = PBXVariantGroup;
			children = (
				D68F20EB2CAD657300A5E728 /* Base */,
			);
			name = Main.storyboard;
			sourceTree = "<group>";
		};
		D68F20EF2CAD657400A5E728 /* LaunchScreen.storyboard */ = {
			isa = PBXVariantGroup;
			children = (
				D68F20F02CAD657400A5E728 /* Base */,
			);
			name = LaunchScreen.storyboard;
			sourceTree = "<group>";
		};
/* End PBXVariantGroup section */

/* Begin XCBuildConfiguration section */
		D68F21092CAD657400A5E728 /* Debug */ = {
			isa = XCBuildConfiguration;
			buildSettings = {
				ALWAYS_SEARCH_USER_PATHS = NO;
				ASSETCATALOG_COMPILER_GENERATE_SWIFT_ASSET_SYMBOL_EXTENSIONS = YES;
				CLANG_ANALYZER_NONNULL = YES;
				CLANG_ANALYZER_NUMBER_OBJECT_CONVERSION = YES_AGGRESSIVE;
				CLANG_CXX_LANGUAGE_STANDARD = "gnu++20";
				CLANG_ENABLE_MODULES = YES;
				CLANG_ENABLE_OBJC_ARC = YES;
				CLANG_ENABLE_OBJC_WEAK = YES;
				CLANG_WARN_BLOCK_CAPTURE_AUTORELEASING = YES;
				CLANG_WARN_BOOL_CONVERSION = YES;
				CLANG_WARN_COMMA = YES;
				CLANG_WARN_CONSTANT_CONVERSION = YES;
				CLANG_WARN_DEPRECATED_OBJC_IMPLEMENTATIONS = YES;
				CLANG_WARN_DIRECT_OBJC_ISA_USAGE = YES_ERROR;
				CLANG_WARN_DOCUMENTATION_COMMENTS = YES;
				CLANG_WARN_EMPTY_BODY = YES;
				CLANG_WARN_ENUM_CONVERSION = YES;
				CLANG_WARN_INFINITE_RECURSION = YES;
				CLANG_WARN_INT_CONVERSION = YES;
				CLANG_WARN_NON_LITERAL_NULL_CONVERSION = YES;
				CLANG_WARN_OBJC_IMPLICIT_RETAIN_SELF = YES;
				CLANG_WARN_OBJC_LITERAL_CONVERSION = YES;
				CLANG_WARN_OBJC_ROOT_CLASS = YES_ERROR;
				CLANG_WARN_QUOTED_INCLUDE_IN_FRAMEWORK_HEADER = YES;
				CLANG_WARN_RANGE_LOOP_ANALYSIS = YES;
				CLANG_WARN_STRICT_PROTOTYPES = YES;
				CLANG_WARN_SUSPICIOUS_MOVE = YES;
				CLANG_WARN_UNGUARDED_AVAILABILITY = YES_AGGRESSIVE;
				CLANG_WARN_UNREACHABLE_CODE = YES;
				CLANG_WARN__DUPLICATE_METHOD_MATCH = YES;
				COPY_PHASE_STRIP = NO;
				DEBUG_INFORMATION_FORMAT = dwarf;
				ENABLE_STRICT_OBJC_MSGSEND = YES;
				ENABLE_TESTABILITY = YES;
				ENABLE_USER_SCRIPT_SANDBOXING = YES;
				GCC_C_LANGUAGE_STANDARD = gnu17;
				GCC_DYNAMIC_NO_PIC = NO;
				GCC_NO_COMMON_BLOCKS = YES;
				GCC_OPTIMIZATION_LEVEL = 0;
				GCC_PREPROCESSOR_DEFINITIONS = (
					"DEBUG=1",
					"$(inherited)",
				);
				GCC_WARN_64_TO_32_BIT_CONVERSION = YES;
				GCC_WARN_ABOUT_RETURN_TYPE = YES_ERROR;
				GCC_WARN_UNDECLARED_SELECTOR = YES;
				GCC_WARN_UNINITIALIZED_AUTOS = YES_AGGRESSIVE;
				GCC_WARN_UNUSED_FUNCTION = YES;
				GCC_WARN_UNUSED_VARIABLE = YES;
				IPHONEOS_DEPLOYMENT_TARGET = 17.5;
				LOCALIZATION_PREFERS_STRING_CATALOGS = YES;
				MTL_ENABLE_DEBUG_INFO = INCLUDE_SOURCE;
				MTL_FAST_MATH = YES;
				ONLY_ACTIVE_ARCH = YES;
				SDKROOT = iphoneos;
				SWIFT_ACTIVE_COMPILATION_CONDITIONS = "DEBUG $(inherited)";
				SWIFT_OPTIMIZATION_LEVEL = "-Onone";
			};
			name = Debug;
		};
		D68F210A2CAD657400A5E728 /* Release */ = {
			isa = XCBuildConfiguration;
			buildSettings = {
				ALWAYS_SEARCH_USER_PATHS = NO;
				ASSETCATALOG_COMPILER_GENERATE_SWIFT_ASSET_SYMBOL_EXTENSIONS = YES;
				CLANG_ANALYZER_NONNULL = YES;
				CLANG_ANALYZER_NUMBER_OBJECT_CONVERSION = YES_AGGRESSIVE;
				CLANG_CXX_LANGUAGE_STANDARD = "gnu++20";
				CLANG_ENABLE_MODULES = YES;
				CLANG_ENABLE_OBJC_ARC = YES;
				CLANG_ENABLE_OBJC_WEAK = YES;
				CLANG_WARN_BLOCK_CAPTURE_AUTORELEASING = YES;
				CLANG_WARN_BOOL_CONVERSION = YES;
				CLANG_WARN_COMMA = YES;
				CLANG_WARN_CONSTANT_CONVERSION = YES;
				CLANG_WARN_DEPRECATED_OBJC_IMPLEMENTATIONS = YES;
				CLANG_WARN_DIRECT_OBJC_ISA_USAGE = YES_ERROR;
				CLANG_WARN_DOCUMENTATION_COMMENTS = YES;
				CLANG_WARN_EMPTY_BODY = YES;
				CLANG_WARN_ENUM_CONVERSION = YES;
				CLANG_WARN_INFINITE_RECURSION = YES;
				CLANG_WARN_INT_CONVERSION = YES;
				CLANG_WARN_NON_LITERAL_NULL_CONVERSION = YES;
				CLANG_WARN_OBJC_IMPLICIT_RETAIN_SELF = YES;
				CLANG_WARN_OBJC_LITERAL_CONVERSION = YES;
				CLANG_WARN_OBJC_ROOT_CLASS = YES_ERROR;
				CLANG_WARN_QUOTED_INCLUDE_IN_FRAMEWORK_HEADER = YES;
				CLANG_WARN_RANGE_LOOP_ANALYSIS = YES;
				CLANG_WARN_STRICT_PROTOTYPES = YES;
				CLANG_WARN_SUSPICIOUS_MOVE = YES;
				CLANG_WARN_UNGUARDED_AVAILABILITY = YES_AGGRESSIVE;
				CLANG_WARN_UNREACHABLE_CODE = YES;
				CLANG_WARN__DUPLICATE_METHOD_MATCH = YES;
				COPY_PHASE_STRIP = NO;
				DEBUG_INFORMATION_FORMAT = "dwarf-with-dsym";
				ENABLE_NS_ASSERTIONS = NO;
				ENABLE_STRICT_OBJC_MSGSEND = YES;
				ENABLE_USER_SCRIPT_SANDBOXING = YES;
				GCC_C_LANGUAGE_STANDARD = gnu17;
				GCC_NO_COMMON_BLOCKS = YES;
				GCC_WARN_64_TO_32_BIT_CONVERSION = YES;
				GCC_WARN_ABOUT_RETURN_TYPE = YES_ERROR;
				GCC_WARN_UNDECLARED_SELECTOR = YES;
				GCC_WARN_UNINITIALIZED_AUTOS = YES_AGGRESSIVE;
				GCC_WARN_UNUSED_FUNCTION = YES;
				GCC_WARN_UNUSED_VARIABLE = YES;
				IPHONEOS_DEPLOYMENT_TARGET = 17.5;
				LOCALIZATION_PREFERS_STRING_CATALOGS = YES;
				MTL_ENABLE_DEBUG_INFO = NO;
				MTL_FAST_MATH = YES;
				SDKROOT = iphoneos;
				SWIFT_COMPILATION_MODE = wholemodule;
				VALIDATE_PRODUCT = YES;
			};
			name = Release;
		};
		D68F210C2CAD657400A5E728 /* Debug */ = {
			isa = XCBuildConfiguration;
			buildSettings = {
				ASSETCATALOG_COMPILER_APPICON_NAME = AppIcon;
				ASSETCATALOG_COMPILER_GLOBAL_ACCENT_COLOR_NAME = AccentColor;
				CODE_SIGN_STYLE = Automatic;
				CURRENT_PROJECT_VERSION = 1;
				GENERATE_INFOPLIST_FILE = YES;
				INFOPLIST_FILE = memeMaker/Info.plist;
				INFOPLIST_KEY_UIApplicationSupportsIndirectInputEvents = YES;
				INFOPLIST_KEY_UILaunchStoryboardName = LaunchScreen;
				INFOPLIST_KEY_UIMainStoryboardFile = Main;
				INFOPLIST_KEY_UISupportedInterfaceOrientations_iPad = "UIInterfaceOrientationPortrait UIInterfaceOrientationPortraitUpsideDown UIInterfaceOrientationLandscapeLeft UIInterfaceOrientationLandscapeRight";
				INFOPLIST_KEY_UISupportedInterfaceOrientations_iPhone = "UIInterfaceOrientationPortrait UIInterfaceOrientationLandscapeLeft UIInterfaceOrientationLandscapeRight";
				LD_RUNPATH_SEARCH_PATHS = (
					"$(inherited)",
					"@executable_path/Frameworks",
				);
				MARKETING_VERSION = 1.0;
				PRODUCT_BUNDLE_IDENTIFIER = "I-brahim-RPS.memeMaker";
				PRODUCT_NAME = "$(TARGET_NAME)";
				SWIFT_EMIT_LOC_STRINGS = YES;
				SWIFT_VERSION = 5.0;
				TARGETED_DEVICE_FAMILY = "1,2";
			};
			name = Debug;
		};
		D68F210D2CAD657400A5E728 /* Release */ = {
			isa = XCBuildConfiguration;
			buildSettings = {
				ASSETCATALOG_COMPILER_APPICON_NAME = AppIcon;
				ASSETCATALOG_COMPILER_GLOBAL_ACCENT_COLOR_NAME = AccentColor;
				CODE_SIGN_STYLE = Automatic;
				CURRENT_PROJECT_VERSION = 1;
				GENERATE_INFOPLIST_FILE = YES;
				INFOPLIST_FILE = memeMaker/Info.plist;
				INFOPLIST_KEY_UIApplicationSupportsIndirectInputEvents = YES;
				INFOPLIST_KEY_UILaunchStoryboardName = LaunchScreen;
				INFOPLIST_KEY_UIMainStoryboardFile = Main;
				INFOPLIST_KEY_UISupportedInterfaceOrientations_iPad = "UIInterfaceOrientationPortrait UIInterfaceOrientationPortraitUpsideDown UIInterfaceOrientationLandscapeLeft UIInterfaceOrientationLandscapeRight";
				INFOPLIST_KEY_UISupportedInterfaceOrientations_iPhone = "UIInterfaceOrientationPortrait UIInterfaceOrientationLandscapeLeft UIInterfaceOrientationLandscapeRight";
				LD_RUNPATH_SEARCH_PATHS = (
					"$(inherited)",
					"@executable_path/Frameworks",
				);
				MARKETING_VERSION = 1.0;
				PRODUCT_BUNDLE_IDENTIFIER = "I-brahim-RPS.memeMaker";
				PRODUCT_NAME = "$(TARGET_NAME)";
				SWIFT_EMIT_LOC_STRINGS = YES;
				SWIFT_VERSION = 5.0;
				TARGETED_DEVICE_FAMILY = "1,2";
			};
			name = Release;
		};
		D68F210F2CAD657400A5E728 /* Debug */ = {
			isa = XCBuildConfiguration;
			buildSettings = {
				ALWAYS_EMBED_SWIFT_STANDARD_LIBRARIES = YES;
				BUNDLE_LOADER = "$(TEST_HOST)";
				CODE_SIGN_STYLE = Automatic;
				CURRENT_PROJECT_VERSION = 1;
				GENERATE_INFOPLIST_FILE = YES;
				IPHONEOS_DEPLOYMENT_TARGET = 17.5;
				MARKETING_VERSION = 1.0;
				PRODUCT_BUNDLE_IDENTIFIER = "I-brahim-RPS.memeMakerTests";
				PRODUCT_NAME = "$(TARGET_NAME)";
				SWIFT_EMIT_LOC_STRINGS = NO;
				SWIFT_VERSION = 5.0;
				TARGETED_DEVICE_FAMILY = "1,2";
				TEST_HOST = "$(BUILT_PRODUCTS_DIR)/memeMaker.app/$(BUNDLE_EXECUTABLE_FOLDER_PATH)/memeMaker";
			};
			name = Debug;
		};
		D68F21102CAD657400A5E728 /* Release */ = {
			isa = XCBuildConfiguration;
			buildSettings = {
				ALWAYS_EMBED_SWIFT_STANDARD_LIBRARIES = YES;
				BUNDLE_LOADER = "$(TEST_HOST)";
				CODE_SIGN_STYLE = Automatic;
				CURRENT_PROJECT_VERSION = 1;
				GENERATE_INFOPLIST_FILE = YES;
				IPHONEOS_DEPLOYMENT_TARGET = 17.5;
				MARKETING_VERSION = 1.0;
				PRODUCT_BUNDLE_IDENTIFIER = "I-brahim-RPS.memeMakerTests";
				PRODUCT_NAME = "$(TARGET_NAME)";
				SWIFT_EMIT_LOC_STRINGS = NO;
				SWIFT_VERSION = 5.0;
				TARGETED_DEVICE_FAMILY = "1,2";
				TEST_HOST = "$(BUILT_PRODUCTS_DIR)/memeMaker.app/$(BUNDLE_EXECUTABLE_FOLDER_PATH)/memeMaker";
			};
			name = Release;
		};
		D68F21122CAD657400A5E728 /* Debug */ = {
			isa = XCBuildConfiguration;
			buildSettings = {
				ALWAYS_EMBED_SWIFT_STANDARD_LIBRARIES = YES;
				CODE_SIGN_STYLE = Automatic;
				CURRENT_PROJECT_VERSION = 1;
				GENERATE_INFOPLIST_FILE = YES;
				MARKETING_VERSION = 1.0;
				PRODUCT_BUNDLE_IDENTIFIER = "I-brahim-RPS.memeMakerUITests";
				PRODUCT_NAME = "$(TARGET_NAME)";
				SWIFT_EMIT_LOC_STRINGS = NO;
				SWIFT_VERSION = 5.0;
				TARGETED_DEVICE_FAMILY = "1,2";
				TEST_TARGET_NAME = memeMaker;
			};
			name = Debug;
		};
		D68F21132CAD657400A5E728 /* Release */ = {
			isa = XCBuildConfiguration;
			buildSettings = {
				ALWAYS_EMBED_SWIFT_STANDARD_LIBRARIES = YES;
				CODE_SIGN_STYLE = Automatic;
				CURRENT_PROJECT_VERSION = 1;
				GENERATE_INFOPLIST_FILE = YES;
				MARKETING_VERSION = 1.0;
				PRODUCT_BUNDLE_IDENTIFIER = "I-brahim-RPS.memeMakerUITests";
				PRODUCT_NAME = "$(TARGET_NAME)";
				SWIFT_EMIT_LOC_STRINGS = NO;
				SWIFT_VERSION = 5.0;
				TARGETED_DEVICE_FAMILY = "1,2";
				TEST_TARGET_NAME = memeMaker;
			};
			name = Release;
		};
/* End XCBuildConfiguration section */

/* Begin XCConfigurationList section */
		D68F20DC2CAD657300A5E728 /* Build configuration list for PBXProject "memeMaker" */ = {
			isa = XCConfigurationList;
			buildConfigurations = (
				D68F21092CAD657400A5E728 /* Debug */,
				D68F210A2CAD657400A5E728 /* Release */,
			);
			defaultConfigurationIsVisible = 0;
			defaultConfigurationName = Release;
		};
		D68F210B2CAD657400A5E728 /* Build configuration list for PBXNativeTarget "memeMaker" */ = {
			isa = XCConfigurationList;
			buildConfigurations = (
				D68F210C2CAD657400A5E728 /* Debug */,
				D68F210D2CAD657400A5E728 /* Release */,
			);
			defaultConfigurationIsVisible = 0;
			defaultConfigurationName = Release;
		};
		D68F210E2CAD657400A5E728 /* Build configuration list for PBXNativeTarget "memeMakerTests" */ = {
			isa = XCConfigurationList;
			buildConfigurations = (
				D68F210F2CAD657400A5E728 /* Debug */,
				D68F21102CAD657400A5E728 /* Release */,
			);
			defaultConfigurationIsVisible = 0;
			defaultConfigurationName = Release;
		};
		D68F21112CAD657400A5E728 /* Build configuration list for PBXNativeTarget "memeMakerUITests" */ = {
			isa = XCConfigurationList;
			buildConfigurations = (
				D68F21122CAD657400A5E728 /* Debug */,
				D68F21132CAD657400A5E728 /* Release */,
			);
			defaultConfigurationIsVisible = 0;
			defaultConfigurationName = Release;
		};
/* End XCConfigurationList section */
	};
	rootObject = D68F20D92CAD657300A5E728 /* Project object */;
}
